{
  "name": "tap-static-vendor",
  "version": "1.0.0",
  "lockfileVersion": 3,
  "requires": true,
  "packages": {
    "": {
      "name": "tap-static-vendor",
      "version": "1.0.0",
      "dependencies": {
        "cytoscape": "3.34.2",
        "echarts": "6.1.0",
        "htmx.org": "2.0.10",
        "tabulator-tables": "6.5.2"
      }
    },
    "node_modules/cytoscape": {
      "version": "3.34.2",
      "resolved": "https://registry.npmjs.org/cytoscape/-/cytoscape-3.34.2.tgz",
      "integrity": "sha512-Cm2jaj1X/PBNlzV9yH8zcfGOxO7U+CJ/+mxSBVPSchLaugdp4jtlGx5qaHtPRZ6tgiZ5P+o1XoRfJA+ba6KM3g==",
      "license": "MIT",
      "engines": {
        "node": ">=0.10"
      }
    },
    "node_modules/echarts": {
      "version": "6.1.0",
      "resolved": "https://registry.npmjs.org/echarts/-/echarts-6.1.0.tgz",
      "integrity": "sha512-q0yaFPggC9FUdsWH4blavRWFmxdrIodbkoKNAjJudAI6CA9gNPxHtV2RcZNEepZVlk4yvBYkOkbk6HIVpIyHZA==",
      "license": "Apache-2.0",
      "dependencies": {
        "tslib": "2.3.0",
        "zrender": "6.1.0"
      }
    },
    "node_modules/htmx.org": {
      "version": "2.0.10",
      "resolved": "https://registry.npmjs.org/htmx.org/-/htmx.org-2.0.10.tgz",
      "integrity": "sha512-kdeJe7ZVwaS6QMz/ebBIVtZdpwen6L0OQ5GOhPV9MKBb196TCZeZu4yA7ZIQsaLKv7EpXz+So7KSXNuHXhj7Cw==",
      "license": "0BSD"
    },
    "node_modules/tabulator-tables": {
      "version": "6.5.2",
      "resolved": "https://registry.npmjs.org/tabulator-tables/-/tabulator-tables-6.5.2.tgz",
      "integrity": "sha512-cRL3xsaaf5RzND8KPbn4C9Ce5tzyiQUE01E/10zN50MjdRKl/Gl5nXkzLN6cvEyRfWHCPuqBF92y50CBw20WYA==",
      "license": "MIT"
    },
    "node_modules/tslib": {
      "version": "2.3.0",
      "resolved": "https://registry.npmjs.org/tslib/-/tslib-2.3.0.tgz",
      "integrity": "sha512-N82ooyxVNm6h1riLCoyS9e3fuJ3AMG2zIZs2Gd1ATcSFjSA23Q0fzjjZeh0jbJvWVDZ0cJT8yaNNaaXHzueNjg==",
      "license": "0BSD"
    },
    "node_modules/zrender": {
      "version": "6.1.0",
      "resolved": "https://registry.npmjs.org/zrender/-/zrender-6.1.0.tgz",
      "integrity": "sha512-oEGMDB6pOP2S6OwRR4PdVv610zrjnA3Bh+JnSG12fYJlBKjtNAoEb5fSUoCOOINlH96I2fU38/A2UpRKs67xYQ==",
      "license": "BSD-3-Clause",
      "dependencies": {
        "tslib": "2.3.0"
      }
    }
  }
}
